
Microsoft Visual Studio Solution File, Format Version 11.00
# Visual Studio 2010
Project("{FAE04EC0-301F-11D3-BF4B-00C04F79EFBC}") = "ykPermission.WebUI", "ykPermission\ykPermission.WebUI.csproj", "{CC032F83-103B-4970-8969-14647CD9893A}"
EndProject
Project("{FAE04EC0-301F-11D3-BF4B-00C04F79EFBC}") = "ykPermission.Service", "ykPermission.Service\ykPermission.Service.csproj", "{B38D3659-F52A-4839-8199-771BE66D7E0E}"
EndProject
Project("{FAE04EC0-301F-11D3-BF4B-00C04F79EFBC}") = "ykPermission.Dao", "ykPermission.Dao\ykPermission.Dao.csproj", "{46DE5735-890A-4CD5-AA61-4C5FF2BC9A97}"
EndProject
Project("{FAE04EC0-301F-11D3-BF4B-00C04F79EFBC}") = "ykPermission.Common", "ykPermission.Common\ykPermission.Common.csproj", "{28E32696-9CBD-4C0B-BED7-416EF4A08975}"
EndProject
Project("{FAE04EC0-301F-11D3-BF4B-00C04F79EFBC}") = "ykPermission.Model", "ykPermission.Model\ykPermission.Model.csproj", "{167E5FD5-7427-4B2D-82D6-7B7028C386A2}"
EndProject
Global
	GlobalSection(SolutionConfigurationPlatforms) = preSolution
		Debug|Any CPU = Debug|Any CPU
		Debug|Mixed Platforms = Debug|Mixed Platforms
		Debug|x86 = Debug|x86
		Release|Any CPU = Release|Any CPU
		Release|Mixed Platforms = Release|Mixed Platforms
		Release|x86 = Release|x86
	EndGlobalSection
	GlobalSection(ProjectConfigurationPlatforms) = postSolution
		{CC032F83-103B-4970-8969-14647CD9893A}.Debug|Any CPU.ActiveCfg = Debug|Any CPU
		{CC032F83-103B-4970-8969-14647CD9893A}.Debug|Any CPU.Build.0 = Debug|Any CPU
		{CC032F83-103B-4970-8969-14647CD9893A}.Debug|Mixed Platforms.ActiveCfg = Debug|Any CPU
		{CC032F83-103B-4970-8969-14647CD9893A}.Debug|Mixed Platforms.Build.0 = Debug|Any CPU
		{CC032F83-103B-4970-8969-14647CD9893A}.Debug|x86.ActiveCfg = Debug|Any CPU
		{CC032F83-103B-4970-8969-14647CD9893A}.Release|Any CPU.ActiveCfg = Release|Any CPU
		{CC032F83-103B-4970-8969-14647CD9893A}.Release|Any CPU.Build.0 = Release|Any CPU
		{CC032F83-103B-4970-8969-14647CD9893A}.Release|Mixed Platforms.ActiveCfg = Release|Any CPU
		{CC032F83-103B-4970-8969-14647CD9893A}.Release|Mixed Platforms.Build.0 = Release|Any CPU
		{CC032F83-103B-4970-8969-14647CD9893A}.Release|x86.ActiveCfg = Release|Any CPU
		{B38D3659-F52A-4839-8199-771BE66D7E0E}.Debug|Any CPU.ActiveCfg = Debug|Any CPU
		{B38D3659-F52A-4839-8199-771BE66D7E0E}.Debug|Any CPU.Build.0 = Debug|Any CPU
		{B38D3659-F52A-4839-8199-771BE66D7E0E}.Debug|Mixed Platforms.ActiveCfg = Debug|Any CPU
		{B38D3659-F52A-4839-8199-771BE66D7E0E}.Debug|Mixed Platforms.Build.0 = Debug|Any CPU
		{B38D3659-F52A-4839-8199-771BE66D7E0E}.Debug|x86.ActiveCfg = Debug|Any CPU
		{B38D3659-F52A-4839-8199-771BE66D7E0E}.Release|Any CPU.ActiveCfg = Release|Any CPU
		{B38D3659-F52A-4839-8199-771BE66D7E0E}.Release|Any CPU.Build.0 = Release|Any CPU
		{B38D3659-F52A-4839-8199-771BE66D7E0E}.Release|Mixed Platforms.ActiveCfg = Release|Any CPU
		{B38D3659-F52A-4839-8199-771BE66D7E0E}.Release|Mixed Platforms.Build.0 = Release|Any CPU
		{B38D3659-F52A-4839-8199-771BE66D7E0E}.Release|x86.ActiveCfg = Release|Any CPU
		{46DE5735-890A-4CD5-AA61-4C5FF2BC9A97}.Debug|Any CPU.ActiveCfg = Debug|Any CPU
		{46DE5735-890A-4CD5-AA61-4C5FF2BC9A97}.Debug|Any CPU.Build.0 = Debug|Any CPU
		{46DE5735-890A-4CD5-AA61-4C5FF2BC9A97}.Debug|Mixed Platforms.ActiveCfg = Debug|Any CPU
		{46DE5735-890A-4CD5-AA61-4C5FF2BC9A97}.Debug|Mixed Platforms.Build.0 = Debug|Any CPU
		{46DE5735-890A-4CD5-AA61-4C5FF2BC9A97}.Debug|x86.ActiveCfg = Debug|Any CPU
		{46DE5735-890A-4CD5-AA61-4C5FF2BC9A97}.Release|Any CPU.ActiveCfg = Release|Any CPU
		{46DE5735-890A-4CD5-AA61-4C5FF2BC9A97}.Release|Any CPU.Build.0 = Release|Any CPU
		{46DE5735-890A-4CD5-AA61-4C5FF2BC9A97}.Release|Mixed Platforms.ActiveCfg = Release|Any CPU
		{46DE5735-890A-4CD5-AA61-4C5FF2BC9A97}.Release|Mixed Platforms.Build.0 = Release|Any CPU
		{46DE5735-890A-4CD5-AA61-4C5FF2BC9A97}.Release|x86.ActiveCfg = Release|Any CPU
		{28E32696-9CBD-4C0B-BED7-416EF4A08975}.Debug|Any CPU.ActiveCfg = Debug|Any CPU
		{28E32696-9CBD-4C0B-BED7-416EF4A08975}.Debug|Any CPU.Build.0 = Debug|Any CPU
		{28E32696-9CBD-4C0B-BED7-416EF4A08975}.Debug|Mixed Platforms.ActiveCfg = Debug|Any CPU
		{28E32696-9CBD-4C0B-BED7-416EF4A08975}.Debug|Mixed Platforms.Build.0 = Debug|Any CPU
		{28E32696-9CBD-4C0B-BED7-416EF4A08975}.Debug|x86.ActiveCfg = Debug|Any CPU
		{28E32696-9CBD-4C0B-BED7-416EF4A08975}.Release|Any CPU.ActiveCfg = Release|Any CPU
		{28E32696-9CBD-4C0B-BED7-416EF4A08975}.Release|Any CPU.Build.0 = Release|Any CPU
		{28E32696-9CBD-4C0B-BED7-416EF4A08975}.Release|Mixed Platforms.ActiveCfg = Release|Any CPU
		{28E32696-9CBD-4C0B-BED7-416EF4A08975}.Release|Mixed Platforms.Build.0 = Release|Any CPU
		{28E32696-9CBD-4C0B-BED7-416EF4A08975}.Release|x86.ActiveCfg = Release|Any CPU
		{167E5FD5-7427-4B2D-82D6-7B7028C386A2}.Debug|Any CPU.ActiveCfg = Debug|Any CPU
		{167E5FD5-7427-4B2D-82D6-7B7028C386A2}.Debug|Any CPU.Build.0 = Debug|Any CPU
		{167E5FD5-7427-4B2D-82D6-7B7028C386A2}.Debug|Mixed Platforms.ActiveCfg = Debug|Any CPU
		{167E5FD5-7427-4B2D-82D6-7B7028C386A2}.Debug|Mixed Platforms.Build.0 = Debug|Any CPU
		{167E5FD5-7427-4B2D-82D6-7B7028C386A2}.Debug|x86.ActiveCfg = Debug|Any CPU
		{167E5FD5-7427-4B2D-82D6-7B7028C386A2}.Release|Any CPU.ActiveCfg = Release|Any CPU
		{167E5FD5-7427-4B2D-82D6-7B7028C386A2}.Release|Any CPU.Build.0 = Release|Any CPU
		{167E5FD5-7427-4B2D-82D6-7B7028C386A2}.Release|Mixed Platforms.ActiveCfg = Release|Any CPU
		{167E5FD5-7427-4B2D-82D6-7B7028C386A2}.Release|Mixed Platforms.Build.0 = Release|Any CPU
		{167E5FD5-7427-4B2D-82D6-7B7028C386A2}.Release|x86.ActiveCfg = Release|Any CPU
	EndGlobalSection
	GlobalSection(SolutionProperties) = preSolution
		HideSolutionNode = FALSE
	EndGlobalSection
EndGlobal
