
Microsoft Visual Studio Solution File, Format Version 10.00
# Visual Studio 2008
Project("{FAE04EC0-301F-11D3-BF4B-00C04F79EFBC}") = "ykPermission.WebUI", "ykPermission\ykPermission.WebUI.csproj", "{CC032F83-103B-4970-8969-14647CD9893A}"
EndProject
Project("{2150E333-8FDC-42A3-9474-1A3956D46DE8}") = "YK.BusinessLogicLayer", "YK.BusinessLogicLayer", "{09A82077-A2B8-460C-B03C-3AAC6A72DA6F}"
EndProject
Project("{2150E333-8FDC-42A3-9474-1A3956D46DE8}") = "YK.DataAccessLayer", "YK.DataAccessLayer", "{2B927785-7E66-4616-A0CE-A2C089375D19}"
EndProject
Project("{2150E333-8FDC-42A3-9474-1A3956D46DE8}") = "YK.Domain", "YK.Domain", "{2CAA2501-6D9A-4035-B90A-4D10CEAA86E2}"
EndProject
Project("{2150E333-8FDC-42A3-9474-1A3956D46DE8}") = "YK.Infrastructure", "YK.Infrastructure", "{D59BC28A-6B91-47FE-AF1D-D04C613E777A}"
EndProject
Project("{FAE04EC0-301F-11D3-BF4B-00C04F79EFBC}") = "YK.BLL", "YK.BLL\YK.BLL.csproj", "{37581DF1-DF5B-4D0E-8F35-6195F39B96CD}"
EndProject
Project("{FAE04EC0-301F-11D3-BF4B-00C04F79EFBC}") = "YK.IBLL", "YK.IBLL\YK.IBLL.csproj", "{BECFA602-9899-4B41-AF37-833E7A1393E0}"
EndProject
Project("{FAE04EC0-301F-11D3-BF4B-00C04F79EFBC}") = "YK.DAL", "YK.DAL\YK.DAL.csproj", "{172C5535-7A7E-486B-9228-17471B014755}"
EndProject
Project("{FAE04EC0-301F-11D3-BF4B-00C04F79EFBC}") = "YK.IDAL", "YK.IDAL\YK.IDAL.csproj", "{03A16240-C6AC-4B81-B083-0737B1C31026}"
EndProject
Project("{FAE04EC0-301F-11D3-BF4B-00C04F79EFBC}") = "YK.Model", "YK.Model\YK.Model.csproj", "{B54D8F11-D61A-430D-A2D6-A38A05C40814}"
EndProject
Project("{FAE04EC0-301F-11D3-BF4B-00C04F79EFBC}") = "YK.Common", "YK.Common\YK.Common.csproj", "{5AC9C57C-3269-47FF-8EA6-702DF8E1F39C}"
EndProject
Project("{FAE04EC0-301F-11D3-BF4B-00C04F79EFBC}") = "YK.CacheStorage", "YK.CacheStorage\YK.CacheStorage.csproj", "{CF53ED56-4068-4B14-9C0B-72903AD3AC10}"
EndProject
Project("{2150E333-8FDC-42A3-9474-1A3956D46DE8}") = "Test", "Test", "{AD989658-1A40-431A-A3E5-05EB74905BE8}"
EndProject
Project("{FAE04EC0-301F-11D3-BF4B-00C04F79EFBC}") = "test", "test\test.csproj", "{4C99065B-C650-4A20-8242-8BA7C5BE27B9}"
EndProject
Global
	GlobalSection(SolutionConfigurationPlatforms) = preSolution
		Debug|Any CPU = Debug|Any CPU
		Debug|Mixed Platforms = Debug|Mixed Platforms
		Debug|x86 = Debug|x86
		Release|Any CPU = Release|Any CPU
		Release|Mixed Platforms = Release|Mixed Platforms
		Release|x86 = Release|x86
	EndGlobalSection
	GlobalSection(ProjectConfigurationPlatforms) = postSolution
		{CC032F83-103B-4970-8969-14647CD9893A}.Debug|Any CPU.ActiveCfg = Debug|Any CPU
		{CC032F83-103B-4970-8969-14647CD9893A}.Debug|Any CPU.Build.0 = Debug|Any CPU
		{CC032F83-103B-4970-8969-14647CD9893A}.Debug|Mixed Platforms.ActiveCfg = Debug|Any CPU
		{CC032F83-103B-4970-8969-14647CD9893A}.Debug|Mixed Platforms.Build.0 = Debug|Any CPU
		{CC032F83-103B-4970-8969-14647CD9893A}.Debug|x86.ActiveCfg = Debug|Any CPU
		{CC032F83-103B-4970-8969-14647CD9893A}.Release|Any CPU.ActiveCfg = Release|Any CPU
		{CC032F83-103B-4970-8969-14647CD9893A}.Release|Any CPU.Build.0 = Release|Any CPU
		{CC032F83-103B-4970-8969-14647CD9893A}.Release|Mixed Platforms.ActiveCfg = Release|Any CPU
		{CC032F83-103B-4970-8969-14647CD9893A}.Release|Mixed Platforms.Build.0 = Release|Any CPU
		{CC032F83-103B-4970-8969-14647CD9893A}.Release|x86.ActiveCfg = Release|Any CPU
		{37581DF1-DF5B-4D0E-8F35-6195F39B96CD}.Debug|Any CPU.ActiveCfg = Debug|Any CPU
		{37581DF1-DF5B-4D0E-8F35-6195F39B96CD}.Debug|Any CPU.Build.0 = Debug|Any CPU
		{37581DF1-DF5B-4D0E-8F35-6195F39B96CD}.Debug|Mixed Platforms.ActiveCfg = Debug|Any CPU
		{37581DF1-DF5B-4D0E-8F35-6195F39B96CD}.Debug|Mixed Platforms.Build.0 = Debug|Any CPU
		{37581DF1-DF5B-4D0E-8F35-6195F39B96CD}.Debug|x86.ActiveCfg = Debug|Any CPU
		{37581DF1-DF5B-4D0E-8F35-6195F39B96CD}.Release|Any CPU.ActiveCfg = Release|Any CPU
		{37581DF1-DF5B-4D0E-8F35-6195F39B96CD}.Release|Any CPU.Build.0 = Release|Any CPU
		{37581DF1-DF5B-4D0E-8F35-6195F39B96CD}.Release|Mixed Platforms.ActiveCfg = Release|Any CPU
		{37581DF1-DF5B-4D0E-8F35-6195F39B96CD}.Release|Mixed Platforms.Build.0 = Release|Any CPU
		{37581DF1-DF5B-4D0E-8F35-6195F39B96CD}.Release|x86.ActiveCfg = Release|Any CPU
		{BECFA602-9899-4B41-AF37-833E7A1393E0}.Debug|Any CPU.ActiveCfg = Debug|Any CPU
		{BECFA602-9899-4B41-AF37-833E7A1393E0}.Debug|Any CPU.Build.0 = Debug|Any CPU
		{BECFA602-9899-4B41-AF37-833E7A1393E0}.Debug|Mixed Platforms.ActiveCfg = Debug|Any CPU
		{BECFA602-9899-4B41-AF37-833E7A1393E0}.Debug|Mixed Platforms.Build.0 = Debug|Any CPU
		{BECFA602-9899-4B41-AF37-833E7A1393E0}.Debug|x86.ActiveCfg = Debug|Any CPU
		{BECFA602-9899-4B41-AF37-833E7A1393E0}.Release|Any CPU.ActiveCfg = Release|Any CPU
		{BECFA602-9899-4B41-AF37-833E7A1393E0}.Release|Any CPU.Build.0 = Release|Any CPU
		{BECFA602-9899-4B41-AF37-833E7A1393E0}.Release|Mixed Platforms.ActiveCfg = Release|Any CPU
		{BECFA602-9899-4B41-AF37-833E7A1393E0}.Release|Mixed Platforms.Build.0 = Release|Any CPU
		{BECFA602-9899-4B41-AF37-833E7A1393E0}.Release|x86.ActiveCfg = Release|Any CPU
		{172C5535-7A7E-486B-9228-17471B014755}.Debug|Any CPU.ActiveCfg = Debug|Any CPU
		{172C5535-7A7E-486B-9228-17471B014755}.Debug|Any CPU.Build.0 = Debug|Any CPU
		{172C5535-7A7E-486B-9228-17471B014755}.Debug|Mixed Platforms.ActiveCfg = Debug|Any CPU
		{172C5535-7A7E-486B-9228-17471B014755}.Debug|Mixed Platforms.Build.0 = Debug|Any CPU
		{172C5535-7A7E-486B-9228-17471B014755}.Debug|x86.ActiveCfg = Debug|Any CPU
		{172C5535-7A7E-486B-9228-17471B014755}.Release|Any CPU.ActiveCfg = Release|Any CPU
		{172C5535-7A7E-486B-9228-17471B014755}.Release|Any CPU.Build.0 = Release|Any CPU
		{172C5535-7A7E-486B-9228-17471B014755}.Release|Mixed Platforms.ActiveCfg = Release|Any CPU
		{172C5535-7A7E-486B-9228-17471B014755}.Release|Mixed Platforms.Build.0 = Release|Any CPU
		{172C5535-7A7E-486B-9228-17471B014755}.Release|x86.ActiveCfg = Release|Any CPU
		{03A16240-C6AC-4B81-B083-0737B1C31026}.Debug|Any CPU.ActiveCfg = Debug|Any CPU
		{03A16240-C6AC-4B81-B083-0737B1C31026}.Debug|Any CPU.Build.0 = Debug|Any CPU
		{03A16240-C6AC-4B81-B083-0737B1C31026}.Debug|Mixed Platforms.ActiveCfg = Debug|Any CPU
		{03A16240-C6AC-4B81-B083-0737B1C31026}.Debug|Mixed Platforms.Build.0 = Debug|Any CPU
		{03A16240-C6AC-4B81-B083-0737B1C31026}.Debug|x86.ActiveCfg = Debug|Any CPU
		{03A16240-C6AC-4B81-B083-0737B1C31026}.Release|Any CPU.ActiveCfg = Release|Any CPU
		{03A16240-C6AC-4B81-B083-0737B1C31026}.Release|Any CPU.Build.0 = Release|Any CPU
		{03A16240-C6AC-4B81-B083-0737B1C31026}.Release|Mixed Platforms.ActiveCfg = Release|Any CPU
		{03A16240-C6AC-4B81-B083-0737B1C31026}.Release|Mixed Platforms.Build.0 = Release|Any CPU
		{03A16240-C6AC-4B81-B083-0737B1C31026}.Release|x86.ActiveCfg = Release|Any CPU
		{B54D8F11-D61A-430D-A2D6-A38A05C40814}.Debug|Any CPU.ActiveCfg = Debug|Any CPU
		{B54D8F11-D61A-430D-A2D6-A38A05C40814}.Debug|Any CPU.Build.0 = Debug|Any CPU
		{B54D8F11-D61A-430D-A2D6-A38A05C40814}.Debug|Mixed Platforms.ActiveCfg = Debug|Any CPU
		{B54D8F11-D61A-430D-A2D6-A38A05C40814}.Debug|Mixed Platforms.Build.0 = Debug|Any CPU
		{B54D8F11-D61A-430D-A2D6-A38A05C40814}.Debug|x86.ActiveCfg = Debug|Any CPU
		{B54D8F11-D61A-430D-A2D6-A38A05C40814}.Release|Any CPU.ActiveCfg = Release|Any CPU
		{B54D8F11-D61A-430D-A2D6-A38A05C40814}.Release|Any CPU.Build.0 = Release|Any CPU
		{B54D8F11-D61A-430D-A2D6-A38A05C40814}.Release|Mixed Platforms.ActiveCfg = Release|Any CPU
		{B54D8F11-D61A-430D-A2D6-A38A05C40814}.Release|Mixed Platforms.Build.0 = Release|Any CPU
		{B54D8F11-D61A-430D-A2D6-A38A05C40814}.Release|x86.ActiveCfg = Release|Any CPU
		{5AC9C57C-3269-47FF-8EA6-702DF8E1F39C}.Debug|Any CPU.ActiveCfg = Debug|Any CPU
		{5AC9C57C-3269-47FF-8EA6-702DF8E1F39C}.Debug|Any CPU.Build.0 = Debug|Any CPU
		{5AC9C57C-3269-47FF-8EA6-702DF8E1F39C}.Debug|Mixed Platforms.ActiveCfg = Debug|Any CPU
		{5AC9C57C-3269-47FF-8EA6-702DF8E1F39C}.Debug|Mixed Platforms.Build.0 = Debug|Any CPU
		{5AC9C57C-3269-47FF-8EA6-702DF8E1F39C}.Debug|x86.ActiveCfg = Debug|Any CPU
		{5AC9C57C-3269-47FF-8EA6-702DF8E1F39C}.Release|Any CPU.ActiveCfg = Release|Any CPU
		{5AC9C57C-3269-47FF-8EA6-702DF8E1F39C}.Release|Any CPU.Build.0 = Release|Any CPU
		{5AC9C57C-3269-47FF-8EA6-702DF8E1F39C}.Release|Mixed Platforms.ActiveCfg = Release|Any CPU
		{5AC9C57C-3269-47FF-8EA6-702DF8E1F39C}.Release|Mixed Platforms.Build.0 = Release|Any CPU
		{5AC9C57C-3269-47FF-8EA6-702DF8E1F39C}.Release|x86.ActiveCfg = Release|Any CPU
		{CF53ED56-4068-4B14-9C0B-72903AD3AC10}.Debug|Any CPU.ActiveCfg = Debug|Any CPU
		{CF53ED56-4068-4B14-9C0B-72903AD3AC10}.Debug|Any CPU.Build.0 = Debug|Any CPU
		{CF53ED56-4068-4B14-9C0B-72903AD3AC10}.Debug|Mixed Platforms.ActiveCfg = Debug|Any CPU
		{CF53ED56-4068-4B14-9C0B-72903AD3AC10}.Debug|Mixed Platforms.Build.0 = Debug|Any CPU
		{CF53ED56-4068-4B14-9C0B-72903AD3AC10}.Debug|x86.ActiveCfg = Debug|Any CPU
		{CF53ED56-4068-4B14-9C0B-72903AD3AC10}.Release|Any CPU.ActiveCfg = Release|Any CPU
		{CF53ED56-4068-4B14-9C0B-72903AD3AC10}.Release|Any CPU.Build.0 = Release|Any CPU
		{CF53ED56-4068-4B14-9C0B-72903AD3AC10}.Release|Mixed Platforms.ActiveCfg = Release|Any CPU
		{CF53ED56-4068-4B14-9C0B-72903AD3AC10}.Release|Mixed Platforms.Build.0 = Release|Any CPU
		{CF53ED56-4068-4B14-9C0B-72903AD3AC10}.Release|x86.ActiveCfg = Release|Any CPU
		{4C99065B-C650-4A20-8242-8BA7C5BE27B9}.Debug|Any CPU.ActiveCfg = Debug|x86
		{4C99065B-C650-4A20-8242-8BA7C5BE27B9}.Debug|Mixed Platforms.ActiveCfg = Debug|x86
		{4C99065B-C650-4A20-8242-8BA7C5BE27B9}.Debug|Mixed Platforms.Build.0 = Debug|x86
		{4C99065B-C650-4A20-8242-8BA7C5BE27B9}.Debug|x86.ActiveCfg = Debug|x86
		{4C99065B-C650-4A20-8242-8BA7C5BE27B9}.Debug|x86.Build.0 = Debug|x86
		{4C99065B-C650-4A20-8242-8BA7C5BE27B9}.Release|Any CPU.ActiveCfg = Release|x86
		{4C99065B-C650-4A20-8242-8BA7C5BE27B9}.Release|Mixed Platforms.ActiveCfg = Release|x86
		{4C99065B-C650-4A20-8242-8BA7C5BE27B9}.Release|Mixed Platforms.Build.0 = Release|x86
		{4C99065B-C650-4A20-8242-8BA7C5BE27B9}.Release|x86.ActiveCfg = Release|x86
		{4C99065B-C650-4A20-8242-8BA7C5BE27B9}.Release|x86.Build.0 = Release|x86
	EndGlobalSection
	GlobalSection(SolutionProperties) = preSolution
		HideSolutionNode = FALSE
	EndGlobalSection
	GlobalSection(NestedProjects) = preSolution
		{37581DF1-DF5B-4D0E-8F35-6195F39B96CD} = {09A82077-A2B8-460C-B03C-3AAC6A72DA6F}
		{BECFA602-9899-4B41-AF37-833E7A1393E0} = {09A82077-A2B8-460C-B03C-3AAC6A72DA6F}
		{172C5535-7A7E-486B-9228-17471B014755} = {2B927785-7E66-4616-A0CE-A2C089375D19}
		{03A16240-C6AC-4B81-B083-0737B1C31026} = {2B927785-7E66-4616-A0CE-A2C089375D19}
		{B54D8F11-D61A-430D-A2D6-A38A05C40814} = {2CAA2501-6D9A-4035-B90A-4D10CEAA86E2}
		{CF53ED56-4068-4B14-9C0B-72903AD3AC10} = {D59BC28A-6B91-47FE-AF1D-D04C613E777A}
		{5AC9C57C-3269-47FF-8EA6-702DF8E1F39C} = {D59BC28A-6B91-47FE-AF1D-D04C613E777A}
		{4C99065B-C650-4A20-8242-8BA7C5BE27B9} = {AD989658-1A40-431A-A3E5-05EB74905BE8}
	EndGlobalSection
EndGlobal
